schema: '2.0'
stages:
  train:
    cmd: python -m src.models.train_model
    deps:
    - path: data/processed
      md5: d751713988987e9331980363e24189ce.dir
      size: 0
      nfiles: 0
    - path: src/models/train_model.py
      md5: d41d8cd98f00b204e9800998ecf8427e
      size: 0
    outs:
    - path: models
      md5: d751713988987e9331980363e24189ce.dir
      size: 0
      nfiles: 0
    - path: reports/training_metrics.csv
      md5: d41d8cd98f00b204e9800998ecf8427e
      size: 0
  eval:
    cmd: python -m src.models.predict_model
    deps:
    - path: data/processed
      md5: d751713988987e9331980363e24189ce.dir
      size: 0
      nfiles: 0
    - path: models
      md5: d751713988987e9331980363e24189ce.dir
      size: 0
      nfiles: 0
    - path: src/models/predict_model.py
      md5: d41d8cd98f00b204e9800998ecf8427e
      size: 0
    outs:
    - path: reports/metrics.csv
      md5: d41d8cd98f00b204e9800998ecf8427e
      size: 0
  process_data:
    cmd: python -m src.data.make_dataset
    deps:
    - path: data/raw
      hash: md5
      md5: a27f6bd5d5edad6877c007d02ef934cd.dir
      size: 29012730
      nfiles: 3
    - path: src/data/make_dataset.py
      hash: md5
      md5: 7e80dd5332df51e0e3a92046e7afdd9d
      size: 816
    outs:
    - path: data/processed
      hash: md5
      md5: c4bdc242452f8dcb1dc19de50520125c.dir
      size: 42502985
      nfiles: 2
