schema: '2.0'
stages:
  train:
    cmd: python -m src.models.train_model
    deps:
    - path: data/processed
      md5: d751713988987e9331980363e24189ce.dir
      size: 0
      nfiles: 0
    - path: src/models/train_model.py
      md5: d41d8cd98f00b204e9800998ecf8427e
      size: 0
    outs:
    - path: models
      md5: d751713988987e9331980363e24189ce.dir
      size: 0
      nfiles: 0
    - path: reports/training_metrics.csv
      md5: d41d8cd98f00b204e9800998ecf8427e
      size: 0
  eval:
    cmd: python -m src.models.predict_model
    deps:
    - path: data/processed
      md5: d751713988987e9331980363e24189ce.dir
      size: 0
      nfiles: 0
    - path: models
      md5: d751713988987e9331980363e24189ce.dir
      size: 0
      nfiles: 0
    - path: src/models/predict_model.py
      md5: d41d8cd98f00b204e9800998ecf8427e
      size: 0
    outs:
    - path: reports/metrics.csv
      md5: d41d8cd98f00b204e9800998ecf8427e
      size: 0
  process_data:
    cmd: python -m src.data.make_dataset
    deps:
    - path: data/raw
      hash: md5
      md5: e0c7cbb5b15bf3699a9cff9945f5899d.dir
      size: 7650058
      nfiles: 2
    - path: src/data/make_dataset.py
      hash: md5
      md5: e34c4d8a06232a3f95495584f481839c
      size: 365
    outs:
    - path: data/processed
      hash: md5
      md5: 26458916d66f6c2f1c2cc82afd6c34d2.dir
      size: 3825029
      nfiles: 1
